Microsoft Visual Studio Solution File, Format Version 12.00
# Visual Studio Version 17
VisualStudioVersion = 17.5.2.0
MinimumVisualStudioVersion = 10.0.40219.1
Project("{FAE04EC0-301F-11D3-BF4B-00C04F79EFBC}") = "VoxEngine", "VoxEngine.csproj", "{9B23E97E-5716-73DE-4DDB-4D4D50B82921}"
EndProject
Global
	GlobalSection(SolutionConfigurationPlatforms) = preSolution
		Debug|Any CPU = Debug|Any CPU
		Release|Any CPU = Release|Any CPU
	EndGlobalSection
	GlobalSection(ProjectConfigurationPlatforms) = postSolution
		{9B23E97E-5716-73DE-4DDB-4D4D50B82921}.Debug|Any CPU.ActiveCfg = Debug|Any CPU
		{9B23E97E-5716-73DE-4DDB-4D4D50B82921}.Debug|Any CPU.Build.0 = Debug|Any CPU
		{9B23E97E-5716-73DE-4DDB-4D4D50B82921}.Release|Any CPU.ActiveCfg = Release|Any CPU
		{9B23E97E-5716-73DE-4DDB-4D4D50B82921}.Release|Any CPU.Build.0 = Release|Any CPU
	EndGlobalSection
	GlobalSection(SolutionProperties) = preSolution
		HideSolutionNode = FALSE
	EndGlobalSection
	GlobalSection(ExtensibilityGlobals) = postSolution
		SolutionGuid = {DD93E2E2-FE5E-4EBB-84F8-4C1C28A56E69}
	EndGlobalSection
EndGlobal
